{
  "nodes": {
    "flake-utils": {
      "inputs": {
        "systems": "systems"
      },
      "locked": {
        "lastModified": 1731533236,
        "narHash": "sha256-l0KFg5HjrsfsO/JpG+r7fRrqm12kzFHyUHqHCVpMMbI=",
        "owner": "numtide",
        "repo": "flake-utils",
        "rev": "11707dc2f618dd54ca8739b309ec4fc024de578b",
        "type": "github"
      },
      "original": {
        "owner": "numtide",
        "repo": "flake-utils",
        "type": "github"
      }
    },
    "ftsb-src": {
      "flake": false,
      "locked": {
        "lastModified": 1744216595,
        "narHash": "sha256-mj16uC2E6fXa8ItHzrZu/tLEORl1ZgDxj6jxOnXzJ/s=",
        "owner": "RediSearch",
        "repo": "ftsb",
        "rev": "700a65fe1e5bcc85f5b949bef7fa2a991967daee",
        "type": "github"
      },
      "original": {
        "owner": "RediSearch",
        "ref": "v0.3.10",
        "repo": "ftsb",
        "type": "github"
      }
    },
    "nixpkgs": {
      "locked": {
        "lastModified": 1770141374,
        "narHash": "sha256-yD4K/vRHPwXbJf5CK3JkptBA6nFWUKNX/jlFp2eKEQc=",
        "owner": "NixOS",
        "repo": "nixpkgs",
        "rev": "41965737c1797c1d83cfb0b644ed0840a6220bd1",
        "type": "github"
      },
      "original": {
        "owner": "NixOS",
        "ref": "nixpkgs-unstable",
        "repo": "nixpkgs",
        "type": "github"
      }
    },
    "python-terraform-src": {
      "flake": false,
      "locked": {
        "lastModified": 1614611682,
        "narHash": "sha256-EmNikzX2SM+U5lE8virQoWWwB0uAN3DTJk0aycOSAlQ=",
        "owner": "beelit94",
        "repo": "python-terraform",
        "rev": "e1ae747ebf2f3327e1e58d5ff26231720665c4de",
        "type": "github"
      },
      "original": {
        "owner": "beelit94",
        "ref": "0.14.0",
        "repo": "python-terraform",
        "type": "github"
      }
    },
    "redis": {
      "flake": false,
      "locked": {
        "lastModified": 1770134072,
        "narHash": "sha256-GNJt81lQPJNtuUeWdjPWqzNYAXblJNbmVpYEeek+HTU=",
        "owner": "redis",
        "repo": "redis",
        "rev": "b5a37c0e4241b087e4dcefc6f951335257c90cbf",
        "type": "github"
      },
      "original": {
        "owner": "redis",
        "ref": "unstable",
        "repo": "redis",
        "type": "github"
      }
    },
    "redis-flake": {
      "inputs": {
        "flake-utils": [
          "flake-utils"
        ],
        "nixpkgs": [
          "nixpkgs"
        ],
        "redis": "redis"
      },
      "locked": {
        "lastModified": 1770189049,
        "narHash": "sha256-bA2FyIn00+XPGT6NYGvmszvYmglneBhC9VKIT8rYbRU=",
        "owner": "chesedo",
        "repo": "redis-flake",
        "rev": "dddb47940355f701e5d606e7f5646ab5d073f596",
        "type": "github"
      },
      "original": {
        "owner": "chesedo",
        "repo": "redis-flake",
        "type": "github"
      }
    },
    "redisbench-admin-src": {
      "flake": false,
      "locked": {
        "lastModified": 1760720421,
        "narHash": "sha256-SE+evvdbQDhUrf4T8K5aK3WvZ92BD8mFlGoB2dOfGJE=",
        "owner": "chesedo",
        "repo": "redisbench-admin",
        "rev": "4fa5e959575525db75b558e2be8ee8643a06febc",
        "type": "github"
      },
      "original": {
        "owner": "chesedo",
        "ref": "do_not_daemonize",
        "repo": "redisbench-admin",
        "type": "github"
      }
    },
    "rltest-src": {
      "flake": false,
      "locked": {
        "lastModified": 1743002903,
        "narHash": "sha256-2oDHUzeQR7o/qVDzswI05FY4R0LWVVAHw67z3ozXVmM=",
        "owner": "RedisLabsModules",
        "repo": "RLTest",
        "rev": "b6bc69cfa67aa05aea7c829a133b31e309c210ef",
        "type": "github"
      },
      "original": {
        "owner": "RedisLabsModules",
        "ref": "v0.7.16",
        "repo": "RLTest",
        "type": "github"
      }
    },
    "root": {
      "inputs": {
        "flake-utils": "flake-utils",
        "ftsb-src": "ftsb-src",
        "nixpkgs": "nixpkgs",
        "python-terraform-src": "python-terraform-src",
        "redis-flake": "redis-flake",
        "redisbench-admin-src": "redisbench-admin-src",
        "rltest-src": "rltest-src",
        "rust-overlay": "rust-overlay"
      }
    },
    "rust-overlay": {
      "inputs": {
        "nixpkgs": [
          "nixpkgs"
        ]
      },
      "locked": {
        "lastModified": 1770174315,
        "narHash": "sha256-GUaMxDmJB1UULsIYpHtfblskVC6zymAaQ/Zqfo+13jc=",
        "owner": "oxalica",
        "repo": "rust-overlay",
        "rev": "095c394bb91342882f27f6c73f64064fb9de9f2a",
        "type": "github"
      },
      "original": {
        "owner": "oxalica",
        "repo": "rust-overlay",
        "type": "github"
      }
    },
    "systems": {
      "locked": {
        "lastModified": 1681028828,
        "narHash": "sha256-Vy1rq5AaRuLzOxct8nz4T6wlgyUR7zLU309k9mBC768=",
        "owner": "nix-systems",
        "repo": "default",
        "rev": "da67096a3b9bf56a91d16901293e51ba5b49a27e",
        "type": "github"
      },
      "original": {
        "owner": "nix-systems",
        "repo": "default",
        "type": "github"
      }
    }
  },
  "root": "root",
  "version": 7
}
